
Microsoft Visual Studio Solution File, Format Version 12.00
# Visual Studio 15
VisualStudioVersion = 15.0.27130.2020
MinimumVisualStudioVersion = 10.0.40219.1
Project("{FAE04EC0-301F-11D3-BF4B-00C04F79EFBC}") = "Evento.Infrastructure", "Evento.Infrastructure\Evento.Infrastructure.csproj", "{6649CF60-9662-4571-9E33-9FBE4755B088}"
EndProject
Project("{FAE04EC0-301F-11D3-BF4B-00C04F79EFBC}") = "Evento.Core", "..\Evento.Core\Evento.Core.csproj", "{77432C8E-AA07-4BF7-9304-988DF4F94B7D}"
EndProject
Project("{FAE04EC0-301F-11D3-BF4B-00C04F79EFBC}") = "Evento.Api", "..\Evento.Api\Evento.Api.csproj", "{17BA1F61-9A31-4829-A939-993995F48B38}"
EndProject
Global
	GlobalSection(SolutionConfigurationPlatforms) = preSolution
		Debug|Any CPU = Debug|Any CPU
		Release|Any CPU = Release|Any CPU
	EndGlobalSection
	GlobalSection(ProjectConfigurationPlatforms) = postSolution
		{6649CF60-9662-4571-9E33-9FBE4755B088}.Debug|Any CPU.ActiveCfg = Debug|Any CPU
		{6649CF60-9662-4571-9E33-9FBE4755B088}.Debug|Any CPU.Build.0 = Debug|Any CPU
		{6649CF60-9662-4571-9E33-9FBE4755B088}.Release|Any CPU.ActiveCfg = Release|Any CPU
		{6649CF60-9662-4571-9E33-9FBE4755B088}.Release|Any CPU.Build.0 = Release|Any CPU
		{77432C8E-AA07-4BF7-9304-988DF4F94B7D}.Debug|Any CPU.ActiveCfg = Debug|Any CPU
		{77432C8E-AA07-4BF7-9304-988DF4F94B7D}.Debug|Any CPU.Build.0 = Debug|Any CPU
		{77432C8E-AA07-4BF7-9304-988DF4F94B7D}.Release|Any CPU.ActiveCfg = Release|Any CPU
		{77432C8E-AA07-4BF7-9304-988DF4F94B7D}.Release|Any CPU.Build.0 = Release|Any CPU
		{17BA1F61-9A31-4829-A939-993995F48B38}.Debug|Any CPU.ActiveCfg = Debug|Any CPU
		{17BA1F61-9A31-4829-A939-993995F48B38}.Debug|Any CPU.Build.0 = Debug|Any CPU
		{17BA1F61-9A31-4829-A939-993995F48B38}.Release|Any CPU.ActiveCfg = Release|Any CPU
		{17BA1F61-9A31-4829-A939-993995F48B38}.Release|Any CPU.Build.0 = Release|Any CPU
	EndGlobalSection
	GlobalSection(SolutionProperties) = preSolution
		HideSolutionNode = FALSE
	EndGlobalSection
	GlobalSection(ExtensibilityGlobals) = postSolution
		SolutionGuid = {939C886A-5510-407A-8392-91534D61DD81}
	EndGlobalSection
EndGlobal
